
Microsoft Visual Studio Solution File, Format Version 12.00
# Visual Studio Version 17
VisualStudioVersion = 17.5.33530.505
MinimumVisualStudioVersion = 10.0.40219.1
Project("{FAE04EC0-301F-11D3-BF4B-00C04F79EFBC}") = "Tienda de Ropa", "Tienda de Ropa.csproj", "{C9A0053A-53D8-4E17-9D1E-A313C3EE4DC0}"
EndProject
Global
	GlobalSection(SolutionConfigurationPlatforms) = preSolution
		Debug|Any CPU = Debug|Any CPU
		Release|Any CPU = Release|Any CPU
	EndGlobalSection
	GlobalSection(ProjectConfigurationPlatforms) = postSolution
		{C9A0053A-53D8-4E17-9D1E-A313C3EE4DC0}.Debug|Any CPU.ActiveCfg = Debug|Any CPU
		{C9A0053A-53D8-4E17-9D1E-A313C3EE4DC0}.Debug|Any CPU.Build.0 = Debug|Any CPU
		{C9A0053A-53D8-4E17-9D1E-A313C3EE4DC0}.Release|Any CPU.ActiveCfg = Release|Any CPU
		{C9A0053A-53D8-4E17-9D1E-A313C3EE4DC0}.Release|Any CPU.Build.0 = Release|Any CPU
	EndGlobalSection
	GlobalSection(SolutionProperties) = preSolution
		HideSolutionNode = FALSE
	EndGlobalSection
	GlobalSection(ExtensibilityGlobals) = postSolution
		SolutionGuid = {4CE0FE8E-6102-446F-BFA2-05FB1B14C1B2}
	EndGlobalSection
EndGlobal
